<Solution>
  <Folder Name="/examples/">
    <File Path="examples/SingleFileExamples/HelloWorldExample.vec" />
    <File Path="examples/SingleFileExamples/PropertyAccessExample.vec" />
  </Folder>
  <Folder Name="/examples/EnumTests/">
    <File Path="examples/EnumTests/EnumAccess.vec" />
    <File Path="examples\EnumTests\EnumNoParameters.vec" />
  </Folder>
  <Folder Name="/examples/ModuleExamples/" />
  <Folder Name="/examples/ModuleExamples/MultiFiles/">
    <File Path="examples\ModuleExamples\MultiFiles\main.vec" />
    <File Path="examples\ModuleExamples\MultiFiles\MultiFiles.vmod" />
  </Folder>
  <Folder Name="/examples/ModuleExamples/MultiFiles/src/">
    <File Path="examples\ModuleExamples\MultiFiles\src\Person.vec" />
  </Folder>
  <Folder Name="/examples/ModuleExamples/SimpleHello/">
    <File Path="examples/ModuleExamples/SimpleHello/SimpleHello.vmod" />
  </Folder>
  <Folder Name="/examples/ModuleExamples/SimpleHello/src/">
    <File Path="examples\ModuleExamples\SimpleHello\src\Program.vec" />
  </Folder>
  <Folder Name="/examples/PackageExamples/" />
  <Folder Name="/examples/PackageExamples/DependencyPackage/">
    <File Path="examples/PackageExamples/DependencyPackage/DependencyPackage.vpkg" />
  </Folder>
  <Folder Name="/examples/PackageExamples/DependencyPackage/ModuleA/">
    <File Path="examples/PackageExamples/DependencyPackage/ModuleA/ModuleA.vmod" />
  </Folder>
  <Folder Name="/examples/PackageExamples/DependencyPackage/ModuleA/src/" />
  <Folder Name="/examples/PackageExamples/DependencyPackage/ModuleB/">
    <File Path="examples/PackageExamples/DependencyPackage/ModuleB/ModuleB.vmod" />
  </Folder>
  <Folder Name="/examples/PackageExamples/DependencyPackage/ModuleB/src/" />
  <Folder Name="/examples/PackageExamples/SingleModulePackage/">
    <File Path="examples/PackageExamples/SingleModulePackage/SingleModulePackage.vpkg" />
  </Folder>
  <Folder Name="/examples/PackageExamples/SingleModulePackage/SingleModule/">
    <File Path="examples/PackageExamples/SingleModulePackage/SingleModule/SingleModule.vmod" />
  </Folder>
  <Folder Name="/examples/PackageExamples/SingleModulePackage/SingleModule/src/">
    <File Path="examples/PackageExamples/SingleModulePackage/SingleModule/src/Program.vec" />
  </Folder>
  <Folder Name="/examples/SingleFileExamples/">
    <File Path="examples/SingleFileExamples/HelloWorldExample.vec" />
    <File Path="examples/SingleFileExamples/PropertyAccessExample.vec" />
  </Folder>
  <Folder Name="/Solution Items/">
    <File Path=".gitignore" />
    <File Path=".releaserc.json" />
    <File Path="package.json" />
    <File Path="README.md" />
  </Folder>
  <Folder Name="/Solution Items/Workflows/">
    <File Path=".github\workflows\ci.yml" />
    <File Path=".github\workflows\release.yml" />
  </Folder>
  <Folder Name="/src/">
    <Project Path="src/VectraLang.Ast/VectraLang.Ast.csproj" />
    <Project Path="src/VectraLang.Binding/VectraLang.Binding.csproj" />
    <Project Path="src/VectraLang.Core/VectraLang.Core.csproj" />
    <Project Path="src/VectraLang.Interpreter/VectraLang.Interpreter.csproj" />
    <Project Path="src/VectraLang.ModuleLoader/VectraLang.ModuleLoader.csproj" />
    <Project Path="src/VectraLang/VectraLang.csproj" />
  </Folder>
  <Folder Name="/tests/" />
</Solution>
